
Microsoft Visual Studio Solution File, Format Version 12.00
# Visual Studio Version 16
VisualStudioVersion = 16.0.31005.135
MinimumVisualStudioVersion = 10.0.40219.1
Project("{2150E333-8FDC-42A3-9474-1A3956D46DE8}") = "Services", "Services", "{2B49AAFE-7065-49AD-87EF-562C267E28EB}"
EndProject
Project("{2150E333-8FDC-42A3-9474-1A3956D46DE8}") = "ApiGateways", "ApiGateways", "{758EF306-D8E6-4A88-9F3A-41E6F74448E3}"
EndProject
Project("{2150E333-8FDC-42A3-9474-1A3956D46DE8}") = "WebApps", "WebApps", "{46E3053D-42E0-4C2F-AF04-601B62554D18}"
EndProject
Project("{2150E333-8FDC-42A3-9474-1A3956D46DE8}") = "Cart", "Cart", "{5CB05641-73C5-4937-93C7-AE8D03CB8ACC}"
EndProject
Project("{2150E333-8FDC-42A3-9474-1A3956D46DE8}") = "Ordering", "Ordering", "{35A402CA-5F4D-4215-AB13-6E546230D881}"
EndProject
Project("{2150E333-8FDC-42A3-9474-1A3956D46DE8}") = "Identity", "Identity", "{9B588E7C-BF84-49E0-A216-88A669B4E16E}"
EndProject
Project("{2150E333-8FDC-42A3-9474-1A3956D46DE8}") = "Catalog", "Catalog", "{A831C591-7A9F-472C-AA13-12118F2940D4}"
EndProject
Project("{2150E333-8FDC-42A3-9474-1A3956D46DE8}") = "Aggregator", "Aggregator", "{E02B9FB5-9662-43F7-88C7-E2BC0103A3B0}"
EndProject
Project("{2150E333-8FDC-42A3-9474-1A3956D46DE8}") = "BuildingBlocks", "BuildingBlocks", "{3EA4DD9C-6AE4-4DFC-B08E-C51CCB87FB5D}"
EndProject
Project("{2150E333-8FDC-42A3-9474-1A3956D46DE8}") = "Ocelot", "Ocelot", "{46616DBF-62A7-49BC-A612-6CD881E18995}"
EndProject
Project("{E53339B2-1760-4266-BCC7-CA923CBCF16C}") = "docker-compose", "docker-compose.dcproj", "{38A59551-2124-4CB1-AFE3-BB0F19ADE77D}"
EndProject
Project("{9A19103F-16F7-4668-BE54-9A1E7A4F7556}") = "Aggregator.API", "ApiGetaways\Aggreagator\Aggregator.API.csproj", "{D53890DE-A117-43F2-BBF4-D37E90B5C9D5}"
EndProject
Project("{9A19103F-16F7-4668-BE54-9A1E7A4F7556}") = "Ocelot.API.Getaway", "ApiGetaways\Ocelot.API.Getaway\Ocelot.API.Getaway.csproj", "{15FA054B-36F7-43B5-AE54-3DDAD4B68C06}"
EndProject
Project("{9A19103F-16F7-4668-BE54-9A1E7A4F7556}") = "Cart.API", "Services\Cart\Cart.API\Cart.API.csproj", "{D1352630-4314-4C9E-A628-485633ECE166}"
EndProject
Project("{9A19103F-16F7-4668-BE54-9A1E7A4F7556}") = "Catalog.API", "Services\Catalog\Catalog.API\Catalog.API.csproj", "{2529F0C9-07F7-4177-9359-8BE783A4CB13}"
EndProject
Project("{9A19103F-16F7-4668-BE54-9A1E7A4F7556}") = "Catalog.Application", "Services\Catalog\Catalog.Application\Catalog.Application.csproj", "{C17B5D77-C52C-4A5E-B9B2-560B4E603D8C}"
EndProject
Project("{9A19103F-16F7-4668-BE54-9A1E7A4F7556}") = "Catalog.Domain", "Services\Catalog\Catalog.Domain\Catalog.Domain.csproj", "{09F8E6F8-D2C8-4E18-A7F1-7557056F4908}"
EndProject
Project("{9A19103F-16F7-4668-BE54-9A1E7A4F7556}") = "Catalog.Infrastructure", "Services\Catalog\Catalog.Infrastructure\Catalog.Infrastructure.csproj", "{23A604E9-5B1A-48CC-A489-77BEEE170445}"
EndProject
Project("{9A19103F-16F7-4668-BE54-9A1E7A4F7556}") = "Identity.API", "Services\Identity\Identity.API\Identity.API.csproj", "{6BBA7FA0-5FD4-48C7-9B31-3EAFD272506D}"
EndProject
Project("{9A19103F-16F7-4668-BE54-9A1E7A4F7556}") = "Oredering.API", "Services\Ordering\Oredering.API\Oredering.API.csproj", "{12225549-059A-4C93-9C16-741F2225C08E}"
EndProject
Project("{9A19103F-16F7-4668-BE54-9A1E7A4F7556}") = "AndreStore", "WebApp\AndreStore\AndreStore.csproj", "{A7550A9C-3CA9-498A-90A7-0B0F69A51405}"
EndProject
Project("{2150E333-8FDC-42A3-9474-1A3956D46DE8}") = "Discount", "Discount", "{CAC40E08-9ABC-4FFE-B7BD-2BFA177B1BA1}"
EndProject
Project("{9A19103F-16F7-4668-BE54-9A1E7A4F7556}") = "Discount.GrpcService", "Services\Discount\Discount.GrpcService\Discount.GrpcService.csproj", "{D3F84898-4562-47C6-A724-AC3F7EFBF7D9}"
EndProject
Project("{9A19103F-16F7-4668-BE54-9A1E7A4F7556}") = "Ordering.BLL", "Services\Ordering\Ordering.BLL\Ordering.BLL.csproj", "{8C7ED5A7-8D8D-4B92-AAF4-CD28468669C7}"
EndProject
Project("{9A19103F-16F7-4668-BE54-9A1E7A4F7556}") = "Ordering.DAL", "Services\Ordering\Ordering.DAL\Ordering.DAL.csproj", "{0177B3E7-9041-4A03-B801-CB2A730B2D4F}"
EndProject
Project("{2150E333-8FDC-42A3-9474-1A3956D46DE8}") = "Customer", "Customer", "{872496F2-199C-448A-B732-8A93E1968A6D}"
EndProject
Project("{9A19103F-16F7-4668-BE54-9A1E7A4F7556}") = "Customer.API", "Services\Customer\Customer.API\Customer.API.csproj", "{3455E32C-4F66-403E-B5C6-E59C46681D8F}"
EndProject
Project("{FAE04EC0-301F-11D3-BF4B-00C04F79EFBC}") = "Cart.Tests", "Services\Cart\Cart.Tests\Cart.Tests.csproj", "{6E20DB36-5418-45BD-B51F-7A08F3725208}"
EndProject
Global
	GlobalSection(SolutionConfigurationPlatforms) = preSolution
		Debug|Any CPU = Debug|Any CPU
		Release|Any CPU = Release|Any CPU
	EndGlobalSection
	GlobalSection(ProjectConfigurationPlatforms) = postSolution
		{38A59551-2124-4CB1-AFE3-BB0F19ADE77D}.Debug|Any CPU.ActiveCfg = Debug|Any CPU
		{38A59551-2124-4CB1-AFE3-BB0F19ADE77D}.Debug|Any CPU.Build.0 = Debug|Any CPU
		{38A59551-2124-4CB1-AFE3-BB0F19ADE77D}.Release|Any CPU.ActiveCfg = Release|Any CPU
		{38A59551-2124-4CB1-AFE3-BB0F19ADE77D}.Release|Any CPU.Build.0 = Release|Any CPU
		{D53890DE-A117-43F2-BBF4-D37E90B5C9D5}.Debug|Any CPU.ActiveCfg = Debug|Any CPU
		{D53890DE-A117-43F2-BBF4-D37E90B5C9D5}.Debug|Any CPU.Build.0 = Debug|Any CPU
		{D53890DE-A117-43F2-BBF4-D37E90B5C9D5}.Release|Any CPU.ActiveCfg = Release|Any CPU
		{D53890DE-A117-43F2-BBF4-D37E90B5C9D5}.Release|Any CPU.Build.0 = Release|Any CPU
		{15FA054B-36F7-43B5-AE54-3DDAD4B68C06}.Debug|Any CPU.ActiveCfg = Debug|Any CPU
		{15FA054B-36F7-43B5-AE54-3DDAD4B68C06}.Debug|Any CPU.Build.0 = Debug|Any CPU
		{15FA054B-36F7-43B5-AE54-3DDAD4B68C06}.Release|Any CPU.ActiveCfg = Release|Any CPU
		{15FA054B-36F7-43B5-AE54-3DDAD4B68C06}.Release|Any CPU.Build.0 = Release|Any CPU
		{D1352630-4314-4C9E-A628-485633ECE166}.Debug|Any CPU.ActiveCfg = Debug|Any CPU
		{D1352630-4314-4C9E-A628-485633ECE166}.Debug|Any CPU.Build.0 = Debug|Any CPU
		{D1352630-4314-4C9E-A628-485633ECE166}.Release|Any CPU.ActiveCfg = Release|Any CPU
		{D1352630-4314-4C9E-A628-485633ECE166}.Release|Any CPU.Build.0 = Release|Any CPU
		{2529F0C9-07F7-4177-9359-8BE783A4CB13}.Debug|Any CPU.ActiveCfg = Debug|Any CPU
		{2529F0C9-07F7-4177-9359-8BE783A4CB13}.Debug|Any CPU.Build.0 = Debug|Any CPU
		{2529F0C9-07F7-4177-9359-8BE783A4CB13}.Release|Any CPU.ActiveCfg = Release|Any CPU
		{2529F0C9-07F7-4177-9359-8BE783A4CB13}.Release|Any CPU.Build.0 = Release|Any CPU
		{C17B5D77-C52C-4A5E-B9B2-560B4E603D8C}.Debug|Any CPU.ActiveCfg = Debug|Any CPU
		{C17B5D77-C52C-4A5E-B9B2-560B4E603D8C}.Debug|Any CPU.Build.0 = Debug|Any CPU
		{C17B5D77-C52C-4A5E-B9B2-560B4E603D8C}.Release|Any CPU.ActiveCfg = Release|Any CPU
		{C17B5D77-C52C-4A5E-B9B2-560B4E603D8C}.Release|Any CPU.Build.0 = Release|Any CPU
		{09F8E6F8-D2C8-4E18-A7F1-7557056F4908}.Debug|Any CPU.ActiveCfg = Debug|Any CPU
		{09F8E6F8-D2C8-4E18-A7F1-7557056F4908}.Debug|Any CPU.Build.0 = Debug|Any CPU
		{09F8E6F8-D2C8-4E18-A7F1-7557056F4908}.Release|Any CPU.ActiveCfg = Release|Any CPU
		{09F8E6F8-D2C8-4E18-A7F1-7557056F4908}.Release|Any CPU.Build.0 = Release|Any CPU
		{23A604E9-5B1A-48CC-A489-77BEEE170445}.Debug|Any CPU.ActiveCfg = Debug|Any CPU
		{23A604E9-5B1A-48CC-A489-77BEEE170445}.Debug|Any CPU.Build.0 = Debug|Any CPU
		{23A604E9-5B1A-48CC-A489-77BEEE170445}.Release|Any CPU.ActiveCfg = Release|Any CPU
		{23A604E9-5B1A-48CC-A489-77BEEE170445}.Release|Any CPU.Build.0 = Release|Any CPU
		{6BBA7FA0-5FD4-48C7-9B31-3EAFD272506D}.Debug|Any CPU.ActiveCfg = Debug|Any CPU
		{6BBA7FA0-5FD4-48C7-9B31-3EAFD272506D}.Debug|Any CPU.Build.0 = Debug|Any CPU
		{6BBA7FA0-5FD4-48C7-9B31-3EAFD272506D}.Release|Any CPU.ActiveCfg = Release|Any CPU
		{6BBA7FA0-5FD4-48C7-9B31-3EAFD272506D}.Release|Any CPU.Build.0 = Release|Any CPU
		{12225549-059A-4C93-9C16-741F2225C08E}.Debug|Any CPU.ActiveCfg = Debug|Any CPU
		{12225549-059A-4C93-9C16-741F2225C08E}.Debug|Any CPU.Build.0 = Debug|Any CPU
		{12225549-059A-4C93-9C16-741F2225C08E}.Release|Any CPU.ActiveCfg = Release|Any CPU
		{12225549-059A-4C93-9C16-741F2225C08E}.Release|Any CPU.Build.0 = Release|Any CPU
		{A7550A9C-3CA9-498A-90A7-0B0F69A51405}.Debug|Any CPU.ActiveCfg = Debug|Any CPU
		{A7550A9C-3CA9-498A-90A7-0B0F69A51405}.Debug|Any CPU.Build.0 = Debug|Any CPU
		{A7550A9C-3CA9-498A-90A7-0B0F69A51405}.Release|Any CPU.ActiveCfg = Release|Any CPU
		{A7550A9C-3CA9-498A-90A7-0B0F69A51405}.Release|Any CPU.Build.0 = Release|Any CPU
		{D3F84898-4562-47C6-A724-AC3F7EFBF7D9}.Debug|Any CPU.ActiveCfg = Debug|Any CPU
		{D3F84898-4562-47C6-A724-AC3F7EFBF7D9}.Debug|Any CPU.Build.0 = Debug|Any CPU
		{D3F84898-4562-47C6-A724-AC3F7EFBF7D9}.Release|Any CPU.ActiveCfg = Release|Any CPU
		{D3F84898-4562-47C6-A724-AC3F7EFBF7D9}.Release|Any CPU.Build.0 = Release|Any CPU
		{8C7ED5A7-8D8D-4B92-AAF4-CD28468669C7}.Debug|Any CPU.ActiveCfg = Debug|Any CPU
		{8C7ED5A7-8D8D-4B92-AAF4-CD28468669C7}.Debug|Any CPU.Build.0 = Debug|Any CPU
		{8C7ED5A7-8D8D-4B92-AAF4-CD28468669C7}.Release|Any CPU.ActiveCfg = Release|Any CPU
		{8C7ED5A7-8D8D-4B92-AAF4-CD28468669C7}.Release|Any CPU.Build.0 = Release|Any CPU
		{0177B3E7-9041-4A03-B801-CB2A730B2D4F}.Debug|Any CPU.ActiveCfg = Debug|Any CPU
		{0177B3E7-9041-4A03-B801-CB2A730B2D4F}.Debug|Any CPU.Build.0 = Debug|Any CPU
		{0177B3E7-9041-4A03-B801-CB2A730B2D4F}.Release|Any CPU.ActiveCfg = Release|Any CPU
		{0177B3E7-9041-4A03-B801-CB2A730B2D4F}.Release|Any CPU.Build.0 = Release|Any CPU
		{3455E32C-4F66-403E-B5C6-E59C46681D8F}.Debug|Any CPU.ActiveCfg = Debug|Any CPU
		{3455E32C-4F66-403E-B5C6-E59C46681D8F}.Debug|Any CPU.Build.0 = Debug|Any CPU
		{3455E32C-4F66-403E-B5C6-E59C46681D8F}.Release|Any CPU.ActiveCfg = Release|Any CPU
		{3455E32C-4F66-403E-B5C6-E59C46681D8F}.Release|Any CPU.Build.0 = Release|Any CPU
		{6E20DB36-5418-45BD-B51F-7A08F3725208}.Debug|Any CPU.ActiveCfg = Debug|Any CPU
		{6E20DB36-5418-45BD-B51F-7A08F3725208}.Debug|Any CPU.Build.0 = Debug|Any CPU
		{6E20DB36-5418-45BD-B51F-7A08F3725208}.Release|Any CPU.ActiveCfg = Release|Any CPU
		{6E20DB36-5418-45BD-B51F-7A08F3725208}.Release|Any CPU.Build.0 = Release|Any CPU
	EndGlobalSection
	GlobalSection(SolutionProperties) = preSolution
		HideSolutionNode = FALSE
	EndGlobalSection
	GlobalSection(NestedProjects) = preSolution
		{5CB05641-73C5-4937-93C7-AE8D03CB8ACC} = {2B49AAFE-7065-49AD-87EF-562C267E28EB}
		{35A402CA-5F4D-4215-AB13-6E546230D881} = {2B49AAFE-7065-49AD-87EF-562C267E28EB}
		{9B588E7C-BF84-49E0-A216-88A669B4E16E} = {2B49AAFE-7065-49AD-87EF-562C267E28EB}
		{A831C591-7A9F-472C-AA13-12118F2940D4} = {2B49AAFE-7065-49AD-87EF-562C267E28EB}
		{E02B9FB5-9662-43F7-88C7-E2BC0103A3B0} = {758EF306-D8E6-4A88-9F3A-41E6F74448E3}
		{46616DBF-62A7-49BC-A612-6CD881E18995} = {758EF306-D8E6-4A88-9F3A-41E6F74448E3}
		{D53890DE-A117-43F2-BBF4-D37E90B5C9D5} = {E02B9FB5-9662-43F7-88C7-E2BC0103A3B0}
		{15FA054B-36F7-43B5-AE54-3DDAD4B68C06} = {46616DBF-62A7-49BC-A612-6CD881E18995}
		{D1352630-4314-4C9E-A628-485633ECE166} = {5CB05641-73C5-4937-93C7-AE8D03CB8ACC}
		{2529F0C9-07F7-4177-9359-8BE783A4CB13} = {A831C591-7A9F-472C-AA13-12118F2940D4}
		{C17B5D77-C52C-4A5E-B9B2-560B4E603D8C} = {A831C591-7A9F-472C-AA13-12118F2940D4}
		{09F8E6F8-D2C8-4E18-A7F1-7557056F4908} = {A831C591-7A9F-472C-AA13-12118F2940D4}
		{23A604E9-5B1A-48CC-A489-77BEEE170445} = {A831C591-7A9F-472C-AA13-12118F2940D4}
		{6BBA7FA0-5FD4-48C7-9B31-3EAFD272506D} = {9B588E7C-BF84-49E0-A216-88A669B4E16E}
		{12225549-059A-4C93-9C16-741F2225C08E} = {35A402CA-5F4D-4215-AB13-6E546230D881}
		{A7550A9C-3CA9-498A-90A7-0B0F69A51405} = {46E3053D-42E0-4C2F-AF04-601B62554D18}
		{CAC40E08-9ABC-4FFE-B7BD-2BFA177B1BA1} = {2B49AAFE-7065-49AD-87EF-562C267E28EB}
		{D3F84898-4562-47C6-A724-AC3F7EFBF7D9} = {CAC40E08-9ABC-4FFE-B7BD-2BFA177B1BA1}
		{8C7ED5A7-8D8D-4B92-AAF4-CD28468669C7} = {35A402CA-5F4D-4215-AB13-6E546230D881}
		{0177B3E7-9041-4A03-B801-CB2A730B2D4F} = {35A402CA-5F4D-4215-AB13-6E546230D881}
		{872496F2-199C-448A-B732-8A93E1968A6D} = {2B49AAFE-7065-49AD-87EF-562C267E28EB}
		{3455E32C-4F66-403E-B5C6-E59C46681D8F} = {872496F2-199C-448A-B732-8A93E1968A6D}
		{6E20DB36-5418-45BD-B51F-7A08F3725208} = {5CB05641-73C5-4937-93C7-AE8D03CB8ACC}
	EndGlobalSection
	GlobalSection(ExtensibilityGlobals) = postSolution
		SolutionGuid = {2B2635EB-36A0-4714-A57F-CD3D272FC829}
	EndGlobalSection
EndGlobal
